
Microsoft Visual Studio Solution File, Format Version 12.00
# Visual Studio Version 17
VisualStudioVersion = 17.3.32922.545
MinimumVisualStudioVersion = 10.0.40219.1
Project("{FAE04EC0-301F-11D3-BF4B-00C04F79EFBC}") = "TrophyIsBetter", "TrophyIsBetter\TrophyIsBetter.csproj", "{9E2D4D30-79EA-4DEA-B65A-DDD9575C15C8}"
EndProject
Project("{FAE04EC0-301F-11D3-BF4B-00C04F79EFBC}") = "Utility", "Utility\Utility.csproj", "{D580937E-62A2-4C30-AC55-7142978A56A7}"
EndProject
Project("{FAE04EC0-301F-11D3-BF4B-00C04F79EFBC}") = "BigEndianTool", "BigEndianTool\BigEndianTool.csproj", "{3A6F2EE0-F771-41D9-8181-A7A2BFA42489}"
EndProject
Project("{FAE04EC0-301F-11D3-BF4B-00C04F79EFBC}") = "TrophyParser", "TrophyParser\TrophyParser.csproj", "{F9161B0C-4319-4AB1-BD9F-6CB35E31B779}"
EndProject
Global
	GlobalSection(SolutionConfigurationPlatforms) = preSolution
		Debug|Any CPU = Debug|Any CPU
		Release|Any CPU = Release|Any CPU
	EndGlobalSection
	GlobalSection(ProjectConfigurationPlatforms) = postSolution
		{9E2D4D30-79EA-4DEA-B65A-DDD9575C15C8}.Debug|Any CPU.ActiveCfg = Debug|Any CPU
		{9E2D4D30-79EA-4DEA-B65A-DDD9575C15C8}.Debug|Any CPU.Build.0 = Debug|Any CPU
		{9E2D4D30-79EA-4DEA-B65A-DDD9575C15C8}.Release|Any CPU.ActiveCfg = Release|Any CPU
		{9E2D4D30-79EA-4DEA-B65A-DDD9575C15C8}.Release|Any CPU.Build.0 = Release|Any CPU
		{D580937E-62A2-4C30-AC55-7142978A56A7}.Debug|Any CPU.ActiveCfg = Debug|Any CPU
		{D580937E-62A2-4C30-AC55-7142978A56A7}.Debug|Any CPU.Build.0 = Debug|Any CPU
		{D580937E-62A2-4C30-AC55-7142978A56A7}.Release|Any CPU.ActiveCfg = Release|Any CPU
		{D580937E-62A2-4C30-AC55-7142978A56A7}.Release|Any CPU.Build.0 = Release|Any CPU
		{3A6F2EE0-F771-41D9-8181-A7A2BFA42489}.Debug|Any CPU.ActiveCfg = Debug|Any CPU
		{3A6F2EE0-F771-41D9-8181-A7A2BFA42489}.Debug|Any CPU.Build.0 = Debug|Any CPU
		{3A6F2EE0-F771-41D9-8181-A7A2BFA42489}.Release|Any CPU.ActiveCfg = Release|Any CPU
		{3A6F2EE0-F771-41D9-8181-A7A2BFA42489}.Release|Any CPU.Build.0 = Release|Any CPU
		{F9161B0C-4319-4AB1-BD9F-6CB35E31B779}.Debug|Any CPU.ActiveCfg = Debug|Any CPU
		{F9161B0C-4319-4AB1-BD9F-6CB35E31B779}.Debug|Any CPU.Build.0 = Debug|Any CPU
		{F9161B0C-4319-4AB1-BD9F-6CB35E31B779}.Release|Any CPU.ActiveCfg = Release|Any CPU
		{F9161B0C-4319-4AB1-BD9F-6CB35E31B779}.Release|Any CPU.Build.0 = Release|Any CPU
	EndGlobalSection
	GlobalSection(SolutionProperties) = preSolution
		HideSolutionNode = FALSE
	EndGlobalSection
	GlobalSection(ExtensibilityGlobals) = postSolution
		SolutionGuid = {FA9BB0E4-5CE2-4A81-B600-51375B446D00}
	EndGlobalSection
EndGlobal
